{
    "_readme": [
        "This file locks the dependencies of your project to a known state",
        "Read more about it at https://getcomposer.org/doc/01-basic-usage.md#composer-lock-the-lock-file",
        "This file is @generated automatically"
    ],
    "content-hash": "b3b662e004ee70a30a424d119e08e5ce",
    "packages": [
        {
            "name": "fabstract/assert",
            "version": "v0.1.1",
            "source": {
                "type": "git",
                "url": "https://github.com/Fabstract/Assert.git",
                "reference": "272e7f23e4f4b8a048faabe58523e6d199d4758c"
            },
            "dist": {
                "type": "zip",
                "url": "https://api.github.com/repos/Fabstract/Assert/zipball/272e7f23e4f4b8a048faabe58523e6d199d4758c",
                "reference": "272e7f23e4f4b8a048faabe58523e6d199d4758c",
                "shasum": ""
            },
            "require": {
                "php": "^7.0"
            },
            "type": "library",
            "autoload": {
                "psr-4": {
                    "Fabstract\\Component\\Assert\\": "src"
                }
            },
            "notification-url": "https://packagist.org/downloads/",
            "license": [
                "MIT"
            ],
            "authors": [
                {
                    "name": "Ahmet Turk",
                    "email": "ahmetturk93@gmail.com",
                    "homepage": "https://github.com/fabstract"
                }
            ],
            "description": "Assertion for PHP",
            "keywords": [
                "assert",
                "php"
            ],
            "time": "2018-04-17T08:25:46+00:00"
        }
    ],
    "packages-dev": [],
    "aliases": [],
    "minimum-stability": "stable",
    "stability-flags": [],
    "prefer-stable": false,
    "prefer-lowest": false,
    "platform": {
        "php": "^7.0"
    },
    "platform-dev": []
}
